
Microsoft Visual Studio Solution File, Format Version 12.00
# Visual Studio Version 16
VisualStudioVersion = 16.0.32228.343
MinimumVisualStudioVersion = 10.0.40219.1
Project("{FAE04EC0-301F-11D3-BF4B-00C04F79EFBC}") = "mileage efficiency", "mileage efficiency.csproj", "{DB31133A-DFB8-4DF5-BB0A-9581FF3C3074}"
EndProject
Global
	GlobalSection(SolutionConfigurationPlatforms) = preSolution
		Debug|Any CPU = Debug|Any CPU
		Release|Any CPU = Release|Any CPU
	EndGlobalSection
	GlobalSection(ProjectConfigurationPlatforms) = postSolution
		{DB31133A-DFB8-4DF5-BB0A-9581FF3C3074}.Debug|Any CPU.ActiveCfg = Debug|Any CPU
		{DB31133A-DFB8-4DF5-BB0A-9581FF3C3074}.Debug|Any CPU.Build.0 = Debug|Any CPU
		{DB31133A-DFB8-4DF5-BB0A-9581FF3C3074}.Release|Any CPU.ActiveCfg = Release|Any CPU
		{DB31133A-DFB8-4DF5-BB0A-9581FF3C3074}.Release|Any CPU.Build.0 = Release|Any CPU
	EndGlobalSection
	GlobalSection(SolutionProperties) = preSolution
		HideSolutionNode = FALSE
	EndGlobalSection
	GlobalSection(ExtensibilityGlobals) = postSolution
		SolutionGuid = {447D3830-EA4C-48D9-93BF-E67E5EA22554}
	EndGlobalSection
EndGlobal
